{
  "name": "dotherightthing.github.io",
  "version": "1.0.0",
  "lockfileVersion": 1,
  "requires": true,
  "dependencies": {
    "ie11-custom-properties": {
      "version": "git+https://github.com/nuxodin/ie11CustomProperties.git#52c40e6ca8d12bcfe6a27c3b60332db3e03aeb29",
      "from": "git+https://github.com/nuxodin/ie11CustomProperties.git"
    }
  }
}
